{
  "name": "makerListenerBot",
  "version": "1.0.0",
  "lockfileVersion": 1,
  "requires": true,
  "dependencies": {
    "@airswap/light": {
      "version": "2.2.2",
      "resolved": "https://registry.npmjs.org/@airswap/light/-/light-2.2.2.tgz",
      "integrity": "sha512-HldeXFfhnMFekhybxtrtPpQWdtJKTGZpdUXj13S92v7DtvspOHqHaAxbHynTPTGkqYY5MCEX/FzYwajmg6PJSQ==",
      "requires": {
        "@airswap/transfers": "1.1.4",
        "@airswap/types": "3.5.17",
        "@openzeppelin/contracts": "^3.3.0"
      }
    },
    "@airswap/transfers": {
      "version": "1.1.4",
      "resolved": "https://registry.npmjs.org/@airswap/transfers/-/transfers-1.1.4.tgz",
      "integrity": "sha512-20q0u+V2Y8QDOzPXfF7Fuos0J1pyzcgS7csH3+mDkob76uQ7oGcLauesganN2BQ+at9JHwfer8yUIfEETYD8bg==",
      "requires": {
        "openzeppelin-solidity": "2.4"
      }
    },
    "@airswap/types": {
      "version": "3.5.17",
      "resolved": "https://registry.npmjs.org/@airswap/types/-/types-3.5.17.tgz",
      "integrity": "sha512-mQSoNy0GCQbuPdaB8HFCn/5rCMduGVE82f5Ub/0CU/bbPJVznJj6KnZnOlfPS/NYmqQOGmyrVJRyqPginTBWfg==",
      "requires": {
        "openzeppelin-solidity": "2.4"
      }
    },
    "@discordjs/collection": {
      "version": "0.1.6",
      "resolved": "https://registry.npmjs.org/@discordjs/collection/-/collection-0.1.6.tgz",
      "integrity": "sha512-utRNxnd9kSS2qhyivo9lMlt5qgAUasH2gb7BEOn6p0efFh24gjGomHzWKMAPn2hEReOPQZCJaRKoURwRotKucQ=="
    },
    "@discordjs/form-data": {
      "version": "3.0.1",
      "resolved": "https://registry.npmjs.org/@discordjs/form-data/-/form-data-3.0.1.tgz",
      "integrity": "sha512-ZfFsbgEXW71Rw/6EtBdrP5VxBJy4dthyC0tpQKGKmYFImlmmrykO14Za+BiIVduwjte0jXEBlhSKf0MWbFp9Eg==",
      "requires": {
        "asynckit": "^0.4.0",
        "combined-stream": "^1.0.8",
        "mime-types": "^2.1.12"
      }
    },
    "@ethersproject/abi": {
      "version": "5.3.0",
      "resolved": "https://registry.npmjs.org/@ethersproject/abi/-/abi-5.3.0.tgz",
      "integrity": "sha512-NaT4UacjOwca8qCG/gv8k+DgTcWu49xlrvdhr/p8PTFnoS8e3aMWqjI3znFME5Txa/QWXDrg2/heufIUue9rtw==",
      "requires": {
        "@ethersproject/address": "^5.3.0",
        "@ethersproject/bignumber": "^5.3.0",
        "@ethersproject/bytes": "^5.3.0",
        "@ethersproject/constants": "^5.3.0",
        "@ethersproject/hash": "^5.3.0",
        "@ethersproject/keccak256": "^5.3.0",
        "@ethersproject/logger": "^5.3.0",
        "@ethersproject/properties": "^5.3.0",
        "@ethersproject/strings": "^5.3.0"
      }
    },
    "@ethersproject/abstract-provider": {
      "version": "5.3.0",
      "resolved": "https://registry.npmjs.org/@ethersproject/abstract-provider/-/abstract-provider-5.3.0.tgz",
      "integrity": "sha512-1+MLhGP1GwxBDBNwMWVmhCsvKwh4gK7oIfOrmlmePNeskg1NhIrYssraJBieaFNHUYfKEd/1DjiVZMw8Qu5Cxw==",
      "requires": {
        "@ethersproject/bignumber": "^5.3.0",
        "@ethersproject/bytes": "^5.3.0",
        "@ethersproject/logger": "^5.3.0",
        "@ethersproject/networks": "^5.3.0",
        "@ethersproject/properties": "^5.3.0",
        "@ethersproject/transactions": "^5.3.0",
        "@ethersproject/web": "^5.3.0"
      }
    },
    "@ethersproject/abstract-signer": {
      "version": "5.3.0",
      "resolved": "https://registry.npmjs.org/@ethersproject/abstract-signer/-/abstract-signer-5.3.0.tgz",
      "integrity": "sha512-w8IFwOYqiPrtvosPuArZ3+QPR2nmdVTRrVY8uJYL3NNfMmQfTy3V3l2wbzX47UUlNbPJY+gKvzJAyvK1onZxJg==",
      "requires": {
        "@ethersproject/abstract-provider": "^5.3.0",
        "@ethersproject/bignumber": "^5.3.0",
        "@ethersproject/bytes": "^5.3.0",
        "@ethersproject/logger": "^5.3.0",
        "@ethersproject/properties": "^5.3.0"
      }
    },
    "@ethersproject/address": {
      "version": "5.3.0",
      "resolved": "https://registry.npmjs.org/@ethersproject/address/-/address-5.3.0.tgz",
      "integrity": "sha512-29TgjzEBK+gUEUAOfWCG7s9IxLNLCqvr+oDSk6L9TXD0VLvZJKhJV479tKQqheVA81OeGxfpdxYtUVH8hqlCvA==",
      "requires": {
        "@ethersproject/bignumber": "^5.3.0",
        "@ethersproject/bytes": "^5.3.0",
        "@ethersproject/keccak256": "^5.3.0",
        "@ethersproject/logger": "^5.3.0",
        "@ethersproject/rlp": "^5.3.0"
      }
    },
    "@ethersproject/base64": {
      "version": "5.3.0",
      "resolved": "https://registry.npmjs.org/@ethersproject/base64/-/base64-5.3.0.tgz",
      "integrity": "sha512-JIqgtOmgKcbc2sjGWTXyXktqUhvFUDte8fPVsAaOrcPiJf6YotNF+nsrOYGC9pbHBEGSuSBp3QR0varkO8JHEw==",
      "requires": {
        "@ethersproject/bytes": "^5.3.0"
      }
    },
    "@ethersproject/basex": {
      "version": "5.3.0",
      "resolved": "https://registry.npmjs.org/@ethersproject/basex/-/basex-5.3.0.tgz",
      "integrity": "sha512-8J4nS6t/SOnoCgr3DF5WCSRLC5YwTKYpZWJqeyYQLX+86TwPhtzvHXacODzcDII9tWKhVg6g0Bka8JCBWXsCiQ==",
      "requires": {
        "@ethersproject/bytes": "^5.3.0",
        "@ethersproject/properties": "^5.3.0"
      }
    },
    "@ethersproject/bignumber": {
      "version": "5.3.0",
      "resolved": "https://registry.npmjs.org/@ethersproject/bignumber/-/bignumber-5.3.0.tgz",
      "integrity": "sha512-5xguJ+Q1/zRMgHgDCaqAexx/8DwDVLRemw2i6uR8KyGjwGdXI8f32QZZ1cKGucBN6ekJvpUpHy6XAuQnTv0mPA==",
      "requires": {
        "@ethersproject/bytes": "^5.3.0",
        "@ethersproject/logger": "^5.3.0",
        "bn.js": "^4.11.9"
      }
    },
    "@ethersproject/bytes": {
      "version": "5.3.0",
      "resolved": "https://registry.npmjs.org/@ethersproject/bytes/-/bytes-5.3.0.tgz",
      "integrity": "sha512-rqLJjdVqCcn7glPer7Fxh87PRqlnRScVAoxcIP3PmOUNApMWJ6yRdOFfo2KvPAdO7Le3yEI1o0YW+Yvr7XCYvw==",
      "requires": {
        "@ethersproject/logger": "^5.3.0"
      }
    },
    "@ethersproject/constants": {
      "version": "5.3.0",
      "resolved": "https://registry.npmjs.org/@ethersproject/constants/-/constants-5.3.0.tgz",
      "integrity": "sha512-4y1feNOwEpgjAfiCFWOHznvv6qUF/H6uI0UKp8xdhftb+H+FbKflXg1pOgH5qs4Sr7EYBL+zPyPb+YD5g1aEyw==",
      "requires": {
        "@ethersproject/bignumber": "^5.3.0"
      }
    },
    "@ethersproject/contracts": {
      "version": "5.3.0",
      "resolved": "https://registry.npmjs.org/@ethersproject/contracts/-/contracts-5.3.0.tgz",
      "integrity": "sha512-eDyQ8ltykvyQqnGZxb/c1e0OnEtzqXhNNC4BX8nhYBCaoBrYYuK/1fLmyEvc5+XUMoxNhwpYkoSSwvPLci7/Zg==",
      "requires": {
        "@ethersproject/abi": "^5.3.0",
        "@ethersproject/abstract-provider": "^5.3.0",
        "@ethersproject/abstract-signer": "^5.3.0",
        "@ethersproject/address": "^5.3.0",
        "@ethersproject/bignumber": "^5.3.0",
        "@ethersproject/bytes": "^5.3.0",
        "@ethersproject/constants": "^5.3.0",
        "@ethersproject/logger": "^5.3.0",
        "@ethersproject/properties": "^5.3.0",
        "@ethersproject/transactions": "^5.3.0"
      }
    },
    "@ethersproject/hash": {
      "version": "5.3.0",
      "resolved": "https://registry.npmjs.org/@ethersproject/hash/-/hash-5.3.0.tgz",
      "integrity": "sha512-gAFZSjUPQ32CIfoKSMtMEQ+IO0kQxqhwz9fCIFt2DtAq2u4pWt8mL9Z5P0r6KkLcQU8LE9FmuPPyd+JvBzmr1w==",
      "requires": {
        "@ethersproject/abstract-signer": "^5.3.0",
        "@ethersproject/address": "^5.3.0",
        "@ethersproject/bignumber": "^5.3.0",
        "@ethersproject/bytes": "^5.3.0",
        "@ethersproject/keccak256": "^5.3.0",
        "@ethersproject/logger": "^5.3.0",
        "@ethersproject/properties": "^5.3.0",
        "@ethersproject/strings": "^5.3.0"
      }
    },
    "@ethersproject/hdnode": {
      "version": "5.3.0",
      "resolved": "https://registry.npmjs.org/@ethersproject/hdnode/-/hdnode-5.3.0.tgz",
      "integrity": "sha512-zLmmtLNoDMGoYRdjOab01Zqkvp+TmZyCGDAMQF1Bs3yZyBs/kzTNi1qJjR1jVUcPP5CWGtjFwY8iNG8oNV9J8g==",
      "requires": {
        "@ethersproject/abstract-signer": "^5.3.0",
        "@ethersproject/basex": "^5.3.0",
        "@ethersproject/bignumber": "^5.3.0",
        "@ethersproject/bytes": "^5.3.0",
        "@ethersproject/logger": "^5.3.0",
        "@ethersproject/pbkdf2": "^5.3.0",
        "@ethersproject/properties": "^5.3.0",
        "@ethersproject/sha2": "^5.3.0",
        "@ethersproject/signing-key": "^5.3.0",
        "@ethersproject/strings": "^5.3.0",
        "@ethersproject/transactions": "^5.3.0",
        "@ethersproject/wordlists": "^5.3.0"
      }
    },
    "@ethersproject/json-wallets": {
      "version": "5.3.0",
      "resolved": "https://registry.npmjs.org/@ethersproject/json-wallets/-/json-wallets-5.3.0.tgz",
      "integrity": "sha512-/xwbqaIb5grUIGNmeEaz8GdcpmDr++X8WT4Jqcclnxow8PXCUHFeDxjf3O+nSuoqOYG/Ds0+BI5xuQKbva6Xkw==",
      "requires": {
        "@ethersproject/abstract-signer": "^5.3.0",
        "@ethersproject/address": "^5.3.0",
        "@ethersproject/bytes": "^5.3.0",
        "@ethersproject/hdnode": "^5.3.0",
        "@ethersproject/keccak256": "^5.3.0",
        "@ethersproject/logger": "^5.3.0",
        "@ethersproject/pbkdf2": "^5.3.0",
        "@ethersproject/properties": "^5.3.0",
        "@ethersproject/random": "^5.3.0",
        "@ethersproject/strings": "^5.3.0",
        "@ethersproject/transactions": "^5.3.0",
        "aes-js": "3.0.0",
        "scrypt-js": "3.0.1"
      }
    },
    "@ethersproject/keccak256": {
      "version": "5.3.0",
      "resolved": "https://registry.npmjs.org/@ethersproject/keccak256/-/keccak256-5.3.0.tgz",
      "integrity": "sha512-Gv2YqgIUmRbYVNIibafT0qGaeGYLIA/EdWHJ7JcVxVSs2vyxafGxOJ5VpSBHWeOIsE6OOaCelYowhuuTicgdFQ==",
      "requires": {
        "@ethersproject/bytes": "^5.3.0",
        "js-sha3": "0.5.7"
      }
    },
    "@ethersproject/logger": {
      "version": "5.3.0",
      "resolved": "https://registry.npmjs.org/@ethersproject/logger/-/logger-5.3.0.tgz",
      "integrity": "sha512-8bwJ2gxJGkZZnpQSq5uSiZSJjyVTWmlGft4oH8vxHdvO1Asy4TwVepAhPgxIQIMxXZFUNMych1YjIV4oQ4I7dA=="
    },
    "@ethersproject/networks": {
      "version": "5.3.0",
      "resolved": "https://registry.npmjs.org/@ethersproject/networks/-/networks-5.3.0.tgz",
      "integrity": "sha512-XGbD9MMgqrR7SYz8o6xVgdG+25v7YT5vQG8ZdlcLj2I7elOBM7VNeQrnxfSN7rWQNcqu2z80OM29gGbQz+4Low==",
      "requires": {
        "@ethersproject/logger": "^5.3.0"
      }
    },
    "@ethersproject/pbkdf2": {
      "version": "5.3.0",
      "resolved": "https://registry.npmjs.org/@ethersproject/pbkdf2/-/pbkdf2-5.3.0.tgz",
      "integrity": "sha512-Q9ChVU6gBFiex0FSdtzo4b0SAKz3ZYcYVFLrEWHL0FnHvNk3J3WgAtRNtBQGQYn/T5wkoTdZttMbfBkFlaiWcA==",
      "requires": {
        "@ethersproject/bytes": "^5.3.0",
        "@ethersproject/sha2": "^5.3.0"
      }
    },
    "@ethersproject/properties": {
      "version": "5.3.0",
      "resolved": "https://registry.npmjs.org/@ethersproject/properties/-/properties-5.3.0.tgz",
      "integrity": "sha512-PaHxJyM5/bfusk6vr3yP//JMnm4UEojpzuWGTmtL5X4uNhNnFNvlYilZLyDr4I9cTkIbipCMsAuIcXWsmdRnEw==",
      "requires": {
        "@ethersproject/logger": "^5.3.0"
      }
    },
    "@ethersproject/providers": {
      "version": "5.3.0",
      "resolved": "https://registry.npmjs.org/@ethersproject/providers/-/providers-5.3.0.tgz",
      "integrity": "sha512-HtL+DEbzPcRyfrkrMay7Rk/4he+NbUpzI/wHXP4Cqtra82nQOnqqCgTQc4HbdDrl75WVxG/JRMFhyneIPIMZaA==",
      "requires": {
        "@ethersproject/abstract-provider": "^5.3.0",
        "@ethersproject/abstract-signer": "^5.3.0",
        "@ethersproject/address": "^5.3.0",
        "@ethersproject/basex": "^5.3.0",
        "@ethersproject/bignumber": "^5.3.0",
        "@ethersproject/bytes": "^5.3.0",
        "@ethersproject/constants": "^5.3.0",
        "@ethersproject/hash": "^5.3.0",
        "@ethersproject/logger": "^5.3.0",
        "@ethersproject/networks": "^5.3.0",
        "@ethersproject/properties": "^5.3.0",
        "@ethersproject/random": "^5.3.0",
        "@ethersproject/rlp": "^5.3.0",
        "@ethersproject/sha2": "^5.3.0",
        "@ethersproject/strings": "^5.3.0",
        "@ethersproject/transactions": "^5.3.0",
        "@ethersproject/web": "^5.3.0",
        "bech32": "1.1.4",
        "ws": "7.4.6"
      }
    },
    "@ethersproject/random": {
      "version": "5.3.0",
      "resolved": "https://registry.npmjs.org/@ethersproject/random/-/random-5.3.0.tgz",
      "integrity": "sha512-A5SL/4inutSwt3Fh2OD0x2gz+x6GHmuUnIPkR7zAiTidMD2N8F6tZdMF1hlQKWVCcVMWhEQg8mWijhEzm6BBYw==",
      "requires": {
        "@ethersproject/bytes": "^5.3.0",
        "@ethersproject/logger": "^5.3.0"
      }
    },
    "@ethersproject/rlp": {
      "version": "5.3.0",
      "resolved": "https://registry.npmjs.org/@ethersproject/rlp/-/rlp-5.3.0.tgz",
      "integrity": "sha512-oI0joYpsRanl9guDubaW+1NbcpK0vJ3F/6Wpcanzcnqq+oaW9O5E98liwkEDPcb16BUTLIJ+ZF8GPIHYxJ/5Pw==",
      "requires": {
        "@ethersproject/bytes": "^5.3.0",
        "@ethersproject/logger": "^5.3.0"
      }
    },
    "@ethersproject/sha2": {
      "version": "5.3.0",
      "resolved": "https://registry.npmjs.org/@ethersproject/sha2/-/sha2-5.3.0.tgz",
      "integrity": "sha512-r5ftlwKcocYEuFz2JbeKOT5SAsCV4m1RJDsTOEfQ5L67ZC7NFDK5i7maPdn1bx4nPhylF9VAwxSrQ1esmwzylg==",
      "requires": {
        "@ethersproject/bytes": "^5.3.0",
        "@ethersproject/logger": "^5.3.0",
        "hash.js": "1.1.7"
      }
    },
    "@ethersproject/signing-key": {
      "version": "5.3.0",
      "resolved": "https://registry.npmjs.org/@ethersproject/signing-key/-/signing-key-5.3.0.tgz",
      "integrity": "sha512-+DX/GwHAd0ok1bgedV1cKO0zfK7P/9aEyNoaYiRsGHpCecN7mhLqcdoUiUzE7Uz86LBsxm5ssK0qA1kBB47fbQ==",
      "requires": {
        "@ethersproject/bytes": "^5.3.0",
        "@ethersproject/logger": "^5.3.0",
        "@ethersproject/properties": "^5.3.0",
        "bn.js": "^4.11.9",
        "elliptic": "6.5.4",
        "hash.js": "1.1.7"
      }
    },
    "@ethersproject/solidity": {
      "version": "5.3.0",
      "resolved": "https://registry.npmjs.org/@ethersproject/solidity/-/solidity-5.3.0.tgz",
      "integrity": "sha512-uLRBaNUiISHbut94XKewJgQh6UmydWTBp71I7I21pkjVXfZO2dJ5EOo3jCnumJc01M4LOm79dlNNmF3oGIvweQ==",
      "requires": {
        "@ethersproject/bignumber": "^5.3.0",
        "@ethersproject/bytes": "^5.3.0",
        "@ethersproject/keccak256": "^5.3.0",
        "@ethersproject/sha2": "^5.3.0",
        "@ethersproject/strings": "^5.3.0"
      }
    },
    "@ethersproject/strings": {
      "version": "5.3.0",
      "resolved": "https://registry.npmjs.org/@ethersproject/strings/-/strings-5.3.0.tgz",
      "integrity": "sha512-j/AzIGZ503cvhuF2ldRSjB0BrKzpsBMtCieDtn4TYMMZMQ9zScJn9wLzTQl/bRNvJbBE6TOspK0r8/Ngae/f2Q==",
      "requires": {
        "@ethersproject/bytes": "^5.3.0",
        "@ethersproject/constants": "^5.3.0",
        "@ethersproject/logger": "^5.3.0"
      }
    },
    "@ethersproject/transactions": {
      "version": "5.3.0",
      "resolved": "https://registry.npmjs.org/@ethersproject/transactions/-/transactions-5.3.0.tgz",
      "integrity": "sha512-cdfK8VVyW2oEBCXhURG0WQ6AICL/r6Gmjh0e4Bvbv6MCn/GBd8FeBH3rtl7ho+AW50csMKeGv3m3K1HSHB2jMQ==",
      "requires": {
        "@ethersproject/address": "^5.3.0",
        "@ethersproject/bignumber": "^5.3.0",
        "@ethersproject/bytes": "^5.3.0",
        "@ethersproject/constants": "^5.3.0",
        "@ethersproject/keccak256": "^5.3.0",
        "@ethersproject/logger": "^5.3.0",
        "@ethersproject/properties": "^5.3.0",
        "@ethersproject/rlp": "^5.3.0",
        "@ethersproject/signing-key": "^5.3.0"
      }
    },
    "@ethersproject/units": {
      "version": "5.3.0",
      "resolved": "https://registry.npmjs.org/@ethersproject/units/-/units-5.3.0.tgz",
      "integrity": "sha512-BkfccZGwfJ6Ob+AelpIrgAzuNhrN2VLp3AILnkqTOv+yBdsc83V4AYf25XC/u0rHnWl6f4POaietPwlMqP2vUg==",
      "requires": {
        "@ethersproject/bignumber": "^5.3.0",
        "@ethersproject/constants": "^5.3.0",
        "@ethersproject/logger": "^5.3.0"
      }
    },
    "@ethersproject/wallet": {
      "version": "5.3.0",
      "resolved": "https://registry.npmjs.org/@ethersproject/wallet/-/wallet-5.3.0.tgz",
      "integrity": "sha512-boYBLydG6671p9QoG6EinNnNzbm7DNOjVT20eV8J6HQEq4aUaGiA2CytF2vK+2rOEWbzhZqoNDt6AlkE1LlsTg==",
      "requires": {
        "@ethersproject/abstract-provider": "^5.3.0",
        "@ethersproject/abstract-signer": "^5.3.0",
        "@ethersproject/address": "^5.3.0",
        "@ethersproject/bignumber": "^5.3.0",
        "@ethersproject/bytes": "^5.3.0",
        "@ethersproject/hash": "^5.3.0",
        "@ethersproject/hdnode": "^5.3.0",
        "@ethersproject/json-wallets": "^5.3.0",
        "@ethersproject/keccak256": "^5.3.0",
        "@ethersproject/logger": "^5.3.0",
        "@ethersproject/properties": "^5.3.0",
        "@ethersproject/random": "^5.3.0",
        "@ethersproject/signing-key": "^5.3.0",
        "@ethersproject/transactions": "^5.3.0",
        "@ethersproject/wordlists": "^5.3.0"
      }
    },
    "@ethersproject/web": {
      "version": "5.3.0",
      "resolved": "https://registry.npmjs.org/@ethersproject/web/-/web-5.3.0.tgz",
      "integrity": "sha512-Ni6/DHnY6k/TD41LEkv0RQDx4jqWz5e/RZvrSecsxGYycF+MFy2z++T/yGc2peRunLOTIFwEksgEGGlbwfYmhQ==",
      "requires": {
        "@ethersproject/base64": "^5.3.0",
        "@ethersproject/bytes": "^5.3.0",
        "@ethersproject/logger": "^5.3.0",
        "@ethersproject/properties": "^5.3.0",
        "@ethersproject/strings": "^5.3.0"
      }
    },
    "@ethersproject/wordlists": {
      "version": "5.3.0",
      "resolved": "https://registry.npmjs.org/@ethersproject/wordlists/-/wordlists-5.3.0.tgz",
      "integrity": "sha512-JcwumCZcsUxgWpiFU/BRy6b4KlTRdOmYvOKZcAw/3sdF93/pZyPW5Od2hFkHS8oWp4xS06YQ+qHqQhdcxdHafQ==",
      "requires": {
        "@ethersproject/bytes": "^5.3.0",
        "@ethersproject/hash": "^5.3.0",
        "@ethersproject/logger": "^5.3.0",
        "@ethersproject/properties": "^5.3.0",
        "@ethersproject/strings": "^5.3.0"
      }
    },
    "@openzeppelin/contracts": {
      "version": "3.4.1",
      "resolved": "https://registry.npmjs.org/@openzeppelin/contracts/-/contracts-3.4.1.tgz",
      "integrity": "sha512-cUriqMauq1ylzP2TxePNdPqkwI7Le3Annh4K9rrpvKfSBB/bdW+Iu1ihBaTIABTAAJ85LmKL5SSPPL9ry8d1gQ=="
    },
    "abort-controller": {
      "version": "3.0.0",
      "resolved": "https://registry.npmjs.org/abort-controller/-/abort-controller-3.0.0.tgz",
      "integrity": "sha512-h8lQ8tacZYnR3vNQTgibj+tODHI5/+l06Au2Pcriv/Gmet0eaj4TwWH41sO9wnHDiQsEj19q0drzdWdeAHtweg==",
      "requires": {
        "event-target-shim": "^5.0.0"
      }
    },
    "aes-js": {
      "version": "3.0.0",
      "resolved": "https://registry.npmjs.org/aes-js/-/aes-js-3.0.0.tgz",
      "integrity": "sha1-4h3xCtbCBTKVvLuNq0Cwnb6ofk0="
    },
    "asynckit": {
      "version": "0.4.0",
      "resolved": "https://registry.npmjs.org/asynckit/-/asynckit-0.4.0.tgz",
      "integrity": "sha1-x57Zf380y48robyXkLzDZkdLS3k="
    },
    "bech32": {
      "version": "1.1.4",
      "resolved": "https://registry.npmjs.org/bech32/-/bech32-1.1.4.tgz",
      "integrity": "sha512-s0IrSOzLlbvX7yp4WBfPITzpAU8sqQcpsmwXDiKwrG4r491vwCO/XpejasRNl0piBMe/DvP4Tz0mIS/X1DPJBQ=="
    },
    "bn.js": {
      "version": "4.12.0",
      "resolved": "https://registry.npmjs.org/bn.js/-/bn.js-4.12.0.tgz",
      "integrity": "sha512-c98Bf3tPniI+scsdk237ku1Dc3ujXQTSgyiPUDEOe7tRkhrqridvh8klBv0HCEso1OLOYcHuCv/cS6DNxKH+ZA=="
    },
    "brorand": {
      "version": "1.1.0",
      "resolved": "https://registry.npmjs.org/brorand/-/brorand-1.1.0.tgz",
      "integrity": "sha1-EsJe/kCkXjwyPrhnWgoM5XsiNx8="
    },
    "combined-stream": {
      "version": "1.0.8",
      "resolved": "https://registry.npmjs.org/combined-stream/-/combined-stream-1.0.8.tgz",
      "integrity": "sha512-FQN4MRfuJeHf7cBbBMJFXhKSDq+2kAArBlmRBvcvFE5BB1HZKXtSFASDhdlz9zOYwxh8lDdnvmMOe/+5cdoEdg==",
      "requires": {
        "delayed-stream": "~1.0.0"
      }
    },
    "delayed-stream": {
      "version": "1.0.0",
      "resolved": "https://registry.npmjs.org/delayed-stream/-/delayed-stream-1.0.0.tgz",
      "integrity": "sha1-3zrhmayt+31ECqrgsp4icrJOxhk="
    },
    "discord.js": {
      "version": "12.5.3",
      "resolved": "https://registry.npmjs.org/discord.js/-/discord.js-12.5.3.tgz",
      "integrity": "sha512-D3nkOa/pCkNyn6jLZnAiJApw2N9XrIsXUAdThf01i7yrEuqUmDGc7/CexVWwEcgbQR97XQ+mcnqJpmJ/92B4Aw==",
      "requires": {
        "@discordjs/collection": "^0.1.6",
        "@discordjs/form-data": "^3.0.1",
        "abort-controller": "^3.0.0",
        "node-fetch": "^2.6.1",
        "prism-media": "^1.2.9",
        "setimmediate": "^1.0.5",
        "tweetnacl": "^1.0.3",
        "ws": "^7.4.4"
      }
    },
    "dotenv": {
      "version": "10.0.0",
      "resolved": "https://registry.npmjs.org/dotenv/-/dotenv-10.0.0.tgz",
      "integrity": "sha512-rlBi9d8jpv9Sf1klPjNfFAuWDjKLwTIJJ/VxtoTwIR6hnZxcEOQCZg2oIL3MWBYw5GpUDKOEnND7LXTbIpQ03Q=="
    },
    "elliptic": {
      "version": "6.5.4",
      "resolved": "https://registry.npmjs.org/elliptic/-/elliptic-6.5.4.tgz",
      "integrity": "sha512-iLhC6ULemrljPZb+QutR5TQGB+pdW6KGD5RSegS+8sorOZT+rdQFbsQFJgvN3eRqNALqJer4oQ16YvJHlU8hzQ==",
      "requires": {
        "bn.js": "^4.11.9",
        "brorand": "^1.1.0",
        "hash.js": "^1.0.0",
        "hmac-drbg": "^1.0.1",
        "inherits": "^2.0.4",
        "minimalistic-assert": "^1.0.1",
        "minimalistic-crypto-utils": "^1.0.1"
      }
    },
    "ethers": {
      "version": "5.3.0",
      "resolved": "https://registry.npmjs.org/ethers/-/ethers-5.3.0.tgz",
      "integrity": "sha512-myN+338S4sFQZvQ9trii7xit8Hu/LnUtjA0ROFOHpUreQc3fgLZEMNVqF3vM1u2D78DIIeG1TbuozVCVlXQWvQ==",
      "requires": {
        "@ethersproject/abi": "5.3.0",
        "@ethersproject/abstract-provider": "5.3.0",
        "@ethersproject/abstract-signer": "5.3.0",
        "@ethersproject/address": "5.3.0",
        "@ethersproject/base64": "5.3.0",
        "@ethersproject/basex": "5.3.0",
        "@ethersproject/bignumber": "5.3.0",
        "@ethersproject/bytes": "5.3.0",
        "@ethersproject/constants": "5.3.0",
        "@ethersproject/contracts": "5.3.0",
        "@ethersproject/hash": "5.3.0",
        "@ethersproject/hdnode": "5.3.0",
        "@ethersproject/json-wallets": "5.3.0",
        "@ethersproject/keccak256": "5.3.0",
        "@ethersproject/logger": "5.3.0",
        "@ethersproject/networks": "5.3.0",
        "@ethersproject/pbkdf2": "5.3.0",
        "@ethersproject/properties": "5.3.0",
        "@ethersproject/providers": "5.3.0",
        "@ethersproject/random": "5.3.0",
        "@ethersproject/rlp": "5.3.0",
        "@ethersproject/sha2": "5.3.0",
        "@ethersproject/signing-key": "5.3.0",
        "@ethersproject/solidity": "5.3.0",
        "@ethersproject/strings": "5.3.0",
        "@ethersproject/transactions": "5.3.0",
        "@ethersproject/units": "5.3.0",
        "@ethersproject/wallet": "5.3.0",
        "@ethersproject/web": "5.3.0",
        "@ethersproject/wordlists": "5.3.0"
      }
    },
    "event-target-shim": {
      "version": "5.0.1",
      "resolved": "https://registry.npmjs.org/event-target-shim/-/event-target-shim-5.0.1.tgz",
      "integrity": "sha512-i/2XbnSz/uxRCU6+NdVJgKWDTM427+MqYbkQzD321DuCQJUqOuJKIA0IM2+W2xtYHdKOmZ4dR6fExsd4SXL+WQ=="
    },
    "hash.js": {
      "version": "1.1.7",
      "resolved": "https://registry.npmjs.org/hash.js/-/hash.js-1.1.7.tgz",
      "integrity": "sha512-taOaskGt4z4SOANNseOviYDvjEJinIkRgmp7LbKP2YTTmVxWBl87s/uzK9r+44BclBSp2X7K1hqeNfz9JbBeXA==",
      "requires": {
        "inherits": "^2.0.3",
        "minimalistic-assert": "^1.0.1"
      }
    },
    "hmac-drbg": {
      "version": "1.0.1",
      "resolved": "https://registry.npmjs.org/hmac-drbg/-/hmac-drbg-1.0.1.tgz",
      "integrity": "sha1-0nRXAQJabHdabFRXk+1QL8DGSaE=",
      "requires": {
        "hash.js": "^1.0.3",
        "minimalistic-assert": "^1.0.0",
        "minimalistic-crypto-utils": "^1.0.1"
      }
    },
    "inherits": {
      "version": "2.0.4",
      "resolved": "https://registry.npmjs.org/inherits/-/inherits-2.0.4.tgz",
      "integrity": "sha512-k/vGaX4/Yla3WzyMCvTQOXYeIHvqOKtnqBduzTHpzpQZzAskKMhZ2K+EnBiSM9zGSoIFeMpXKxa4dYeZIQqewQ=="
    },
    "js-sha3": {
      "version": "0.5.7",
      "resolved": "https://registry.npmjs.org/js-sha3/-/js-sha3-0.5.7.tgz",
      "integrity": "sha1-DU/9gALVMzqrr0oj7tL2N0yfKOc="
    },
    "mime-db": {
      "version": "1.48.0",
      "resolved": "https://registry.npmjs.org/mime-db/-/mime-db-1.48.0.tgz",
      "integrity": "sha512-FM3QwxV+TnZYQ2aRqhlKBMHxk10lTbMt3bBkMAp54ddrNeVSfcQYOOKuGuy3Ddrm38I04If834fOUSq1yzslJQ=="
    },
    "mime-types": {
      "version": "2.1.31",
      "resolved": "https://registry.npmjs.org/mime-types/-/mime-types-2.1.31.tgz",
      "integrity": "sha512-XGZnNzm3QvgKxa8dpzyhFTHmpP3l5YNusmne07VUOXxou9CqUqYa/HBy124RqtVh/O2pECas/MOcsDgpilPOPg==",
      "requires": {
        "mime-db": "1.48.0"
      }
    },
    "minimalistic-assert": {
      "version": "1.0.1",
      "resolved": "https://registry.npmjs.org/minimalistic-assert/-/minimalistic-assert-1.0.1.tgz",
      "integrity": "sha512-UtJcAD4yEaGtjPezWuO9wC4nwUnVH/8/Im3yEHQP4b67cXlD/Qr9hdITCU1xDbSEXg2XKNaP8jsReV7vQd00/A=="
    },
    "minimalistic-crypto-utils": {
      "version": "1.0.1",
      "resolved": "https://registry.npmjs.org/minimalistic-crypto-utils/-/minimalistic-crypto-utils-1.0.1.tgz",
      "integrity": "sha1-9sAMHAsIIkblxNmd+4x8CDsrWCo="
    },
    "node-fetch": {
      "version": "2.6.1",
      "resolved": "https://registry.npmjs.org/node-fetch/-/node-fetch-2.6.1.tgz",
      "integrity": "sha512-V4aYg89jEoVRxRb2fJdAg8FHvI7cEyYdVAh94HH0UIK8oJxUfkjlDQN9RbMx+bEjP7+ggMiFRprSti032Oipxw=="
    },
    "openzeppelin-solidity": {
      "version": "2.4.0",
      "resolved": "https://registry.npmjs.org/openzeppelin-solidity/-/openzeppelin-solidity-2.4.0.tgz",
      "integrity": "sha512-533gc5jkspxW5YT0qJo02Za5q1LHwXK9CJCc48jNj/22ncNM/3M/3JfWLqfpB90uqLwOKOovpl0JfaMQTR+gXQ=="
    },
    "prism-media": {
      "version": "1.2.9",
      "resolved": "https://registry.npmjs.org/prism-media/-/prism-media-1.2.9.tgz",
      "integrity": "sha512-UHCYuqHipbTR1ZsXr5eg4JUmHER8Ss4YEb9Azn+9zzJ7/jlTtD1h0lc4g6tNx3eMlB8Mp6bfll0LPMAV4R6r3Q=="
    },
    "scrypt-js": {
      "version": "3.0.1",
      "resolved": "https://registry.npmjs.org/scrypt-js/-/scrypt-js-3.0.1.tgz",
      "integrity": "sha512-cdwTTnqPu0Hyvf5in5asVdZocVDTNRmR7XEcJuIzMjJeSHybHl7vpB66AzwTaIg6CLSbtjcxc8fqcySfnTkccA=="
    },
    "setimmediate": {
      "version": "1.0.5",
      "resolved": "https://registry.npmjs.org/setimmediate/-/setimmediate-1.0.5.tgz",
      "integrity": "sha1-KQy7Iy4waULX1+qbg3Mqt4VvgoU="
    },
    "truncate-eth-address": {
      "version": "1.0.1",
      "resolved": "https://registry.npmjs.org/truncate-eth-address/-/truncate-eth-address-1.0.1.tgz",
      "integrity": "sha512-zRwoMQQau9p6OMfFLvvahR+SOc2lMo6PBrHLfhlMW/FH1O8s2slX7PHR3Q6ts6CjIANSUtig4XoDoWIDPSLROQ=="
    },
    "tweetnacl": {
      "version": "1.0.3",
      "resolved": "https://registry.npmjs.org/tweetnacl/-/tweetnacl-1.0.3.tgz",
      "integrity": "sha512-6rt+RN7aOi1nGMyC4Xa5DdYiukl2UWCbcJft7YhxReBGQD7OAM8Pbxw6YMo4r2diNEA8FEmu32YOn9rhaiE5yw=="
    },
    "ws": {
      "version": "7.4.6",
      "resolved": "https://registry.npmjs.org/ws/-/ws-7.4.6.tgz",
      "integrity": "sha512-YmhHDO4MzaDLB+M9ym/mDA5z0naX8j7SIlT8f8z+I0VtzsRbekxEutHSme7NPS2qE8StCYQNUnfWdXta/Yu85A=="
    }
  }
}
